
Microsoft Visual Studio Solution File, Format Version 12.00
# Visual Studio Version 16
VisualStudioVersion = 16.0.31424.327
MinimumVisualStudioVersion = 10.0.40219.1
Project("{FAE04EC0-301F-11D3-BF4B-00C04F79EFBC}") = "MaJiang.Server", "MaJiang\Server\MaJiang.Server.csproj", "{C81636AB-17CD-40F5-88B1-CA9A865E5EFE}"
EndProject
Project("{FAE04EC0-301F-11D3-BF4B-00C04F79EFBC}") = "MaJiang.Client", "MaJiang\Client\MaJiang.Client.csproj", "{567F2C1D-5032-4FF3-9CF0-27883C9D2A41}"
EndProject
Project("{FAE04EC0-301F-11D3-BF4B-00C04F79EFBC}") = "MaJiang.Shared", "MaJiang\Shared\MaJiang.Shared.csproj", "{9B659139-B774-4AC7-BB77-69C2CC2E45AD}"
EndProject
Global
	GlobalSection(SolutionConfigurationPlatforms) = preSolution
		Debug|Any CPU = Debug|Any CPU
		Release|Any CPU = Release|Any CPU
	EndGlobalSection
	GlobalSection(ProjectConfigurationPlatforms) = postSolution
		{C81636AB-17CD-40F5-88B1-CA9A865E5EFE}.Debug|Any CPU.ActiveCfg = Debug|Any CPU
		{C81636AB-17CD-40F5-88B1-CA9A865E5EFE}.Debug|Any CPU.Build.0 = Debug|Any CPU
		{C81636AB-17CD-40F5-88B1-CA9A865E5EFE}.Release|Any CPU.ActiveCfg = Release|Any CPU
		{C81636AB-17CD-40F5-88B1-CA9A865E5EFE}.Release|Any CPU.Build.0 = Release|Any CPU
		{567F2C1D-5032-4FF3-9CF0-27883C9D2A41}.Debug|Any CPU.ActiveCfg = Debug|Any CPU
		{567F2C1D-5032-4FF3-9CF0-27883C9D2A41}.Debug|Any CPU.Build.0 = Debug|Any CPU
		{567F2C1D-5032-4FF3-9CF0-27883C9D2A41}.Release|Any CPU.ActiveCfg = Release|Any CPU
		{567F2C1D-5032-4FF3-9CF0-27883C9D2A41}.Release|Any CPU.Build.0 = Release|Any CPU
		{9B659139-B774-4AC7-BB77-69C2CC2E45AD}.Debug|Any CPU.ActiveCfg = Debug|Any CPU
		{9B659139-B774-4AC7-BB77-69C2CC2E45AD}.Debug|Any CPU.Build.0 = Debug|Any CPU
		{9B659139-B774-4AC7-BB77-69C2CC2E45AD}.Release|Any CPU.ActiveCfg = Release|Any CPU
		{9B659139-B774-4AC7-BB77-69C2CC2E45AD}.Release|Any CPU.Build.0 = Release|Any CPU
	EndGlobalSection
	GlobalSection(SolutionProperties) = preSolution
		HideSolutionNode = FALSE
	EndGlobalSection
	GlobalSection(ExtensibilityGlobals) = postSolution
		SolutionGuid = {0DB15C2E-CD3E-43B4-B1A9-FF162A95009C}
	EndGlobalSection
EndGlobal
